
Microsoft Visual Studio Solution File, Format Version 12.00
# Visual Studio Version 17
VisualStudioVersion = 17.1.32210.238
MinimumVisualStudioVersion = 10.0.40219.1
Project("{FAE04EC0-301F-11D3-BF4B-00C04F79EFBC}") = "ASPNetMvc1", "ASPNetMvc1\ASPNetMvc1.csproj", "{47C04E74-C377-467D-8A76-29707B9772B0}"
EndProject
Global
	GlobalSection(SolutionConfigurationPlatforms) = preSolution
		Debug|Any CPU = Debug|Any CPU
		Release|Any CPU = Release|Any CPU
	EndGlobalSection
	GlobalSection(ProjectConfigurationPlatforms) = postSolution
		{47C04E74-C377-467D-8A76-29707B9772B0}.Debug|Any CPU.ActiveCfg = Debug|Any CPU
		{47C04E74-C377-467D-8A76-29707B9772B0}.Debug|Any CPU.Build.0 = Debug|Any CPU
		{47C04E74-C377-467D-8A76-29707B9772B0}.Release|Any CPU.ActiveCfg = Release|Any CPU
		{47C04E74-C377-467D-8A76-29707B9772B0}.Release|Any CPU.Build.0 = Release|Any CPU
	EndGlobalSection
	GlobalSection(SolutionProperties) = preSolution
		HideSolutionNode = FALSE
	EndGlobalSection
	GlobalSection(ExtensibilityGlobals) = postSolution
		SolutionGuid = {548E524B-F1FD-421F-97F3-FA06E2E21119}
	EndGlobalSection
EndGlobal
