
Microsoft Visual Studio Solution File, Format Version 12.00
# Visual Studio Version 17
VisualStudioVersion = 17.1.32210.238
MinimumVisualStudioVersion = 10.0.40219.1
Project("{FAE04EC0-301F-11D3-BF4B-00C04F79EFBC}") = "Basic", "Basic\Basic.csproj", "{995A2F0E-81B6-42F4-8A76-6CF70C43103D}"
EndProject
Global
	GlobalSection(SolutionConfigurationPlatforms) = preSolution
		Debug|Any CPU = Debug|Any CPU
		Release|Any CPU = Release|Any CPU
	EndGlobalSection
	GlobalSection(ProjectConfigurationPlatforms) = postSolution
		{995A2F0E-81B6-42F4-8A76-6CF70C43103D}.Debug|Any CPU.ActiveCfg = Debug|Any CPU
		{995A2F0E-81B6-42F4-8A76-6CF70C43103D}.Debug|Any CPU.Build.0 = Debug|Any CPU
		{995A2F0E-81B6-42F4-8A76-6CF70C43103D}.Release|Any CPU.ActiveCfg = Release|Any CPU
		{995A2F0E-81B6-42F4-8A76-6CF70C43103D}.Release|Any CPU.Build.0 = Release|Any CPU
	EndGlobalSection
	GlobalSection(SolutionProperties) = preSolution
		HideSolutionNode = FALSE
	EndGlobalSection
	GlobalSection(ExtensibilityGlobals) = postSolution
		SolutionGuid = {F5BBB479-B8AE-4539-8582-083915ACA494}
	EndGlobalSection
EndGlobal
